
Microsoft Visual Studio Solution File, Format Version 12.00
# Visual Studio 15
VisualStudioVersion = 15.0.28307.329
MinimumVisualStudioVersion = 10.0.40219.1
Project("{FAE04EC0-301F-11D3-BF4B-00C04F79EFBC}") = "UML", "UML\UML.csproj", "{BB7B8F7F-F5CC-4DE0-9EE1-DA0B10F20CF8}"
EndProject
Global
	GlobalSection(SolutionConfigurationPlatforms) = preSolution
		Debug|Any CPU = Debug|Any CPU
		Release|Any CPU = Release|Any CPU
	EndGlobalSection
	GlobalSection(ProjectConfigurationPlatforms) = postSolution
		{BB7B8F7F-F5CC-4DE0-9EE1-DA0B10F20CF8}.Debug|Any CPU.ActiveCfg = Debug|Any CPU
		{BB7B8F7F-F5CC-4DE0-9EE1-DA0B10F20CF8}.Debug|Any CPU.Build.0 = Debug|Any CPU
		{BB7B8F7F-F5CC-4DE0-9EE1-DA0B10F20CF8}.Release|Any CPU.ActiveCfg = Release|Any CPU
		{BB7B8F7F-F5CC-4DE0-9EE1-DA0B10F20CF8}.Release|Any CPU.Build.0 = Release|Any CPU
	EndGlobalSection
	GlobalSection(SolutionProperties) = preSolution
		HideSolutionNode = FALSE
	EndGlobalSection
	GlobalSection(ExtensibilityGlobals) = postSolution
		SolutionGuid = {5C8CE00C-2BD6-4717-AD3D-2E493D921E7C}
	EndGlobalSection
EndGlobal
